
Microsoft Visual Studio Solution File, Format Version 12.00
# Visual Studio Version 17
VisualStudioVersion = 17.14.36414.22 d17.14
MinimumVisualStudioVersion = 10.0.40219.1
Project("{FAE04EC0-301F-11D3-BF4B-00C04F79EFBC}") = "BlogDataLibrary", "BlogDataLibrary\BlogDataLibrary.csproj", "{D3C29A5A-E5C6-449D-9197-1A468191082E}"
EndProject
Project("{00D1A9C2-B5F0-4AF3-8072-F6C62B433612}") = "SampoleoBlogDB", "SampoleoBlogDB\SampoleoBlogDB.sqlproj", "{D2B23E8B-3CD3-45A4-9630-39E55A9AEC61}"
EndProject
Project("{FAE04EC0-301F-11D3-BF4B-00C04F79EFBC}") = "BlogTestUI", "BlogTestUI\BlogTestUI.csproj", "{716CCD39-5761-4814-87F8-517827C5A342}"
EndProject
Global
	GlobalSection(SolutionConfigurationPlatforms) = preSolution
		Debug|Any CPU = Debug|Any CPU
		Release|Any CPU = Release|Any CPU
	EndGlobalSection
	GlobalSection(ProjectConfigurationPlatforms) = postSolution
		{D3C29A5A-E5C6-449D-9197-1A468191082E}.Debug|Any CPU.ActiveCfg = Debug|Any CPU
		{D3C29A5A-E5C6-449D-9197-1A468191082E}.Debug|Any CPU.Build.0 = Debug|Any CPU
		{D3C29A5A-E5C6-449D-9197-1A468191082E}.Release|Any CPU.ActiveCfg = Release|Any CPU
		{D3C29A5A-E5C6-449D-9197-1A468191082E}.Release|Any CPU.Build.0 = Release|Any CPU
		{D2B23E8B-3CD3-45A4-9630-39E55A9AEC61}.Debug|Any CPU.ActiveCfg = Debug|Any CPU
		{D2B23E8B-3CD3-45A4-9630-39E55A9AEC61}.Debug|Any CPU.Build.0 = Debug|Any CPU
		{D2B23E8B-3CD3-45A4-9630-39E55A9AEC61}.Debug|Any CPU.Deploy.0 = Debug|Any CPU
		{D2B23E8B-3CD3-45A4-9630-39E55A9AEC61}.Release|Any CPU.ActiveCfg = Release|Any CPU
		{D2B23E8B-3CD3-45A4-9630-39E55A9AEC61}.Release|Any CPU.Build.0 = Release|Any CPU
		{D2B23E8B-3CD3-45A4-9630-39E55A9AEC61}.Release|Any CPU.Deploy.0 = Release|Any CPU
		{716CCD39-5761-4814-87F8-517827C5A342}.Debug|Any CPU.ActiveCfg = Debug|Any CPU
		{716CCD39-5761-4814-87F8-517827C5A342}.Debug|Any CPU.Build.0 = Debug|Any CPU
		{716CCD39-5761-4814-87F8-517827C5A342}.Release|Any CPU.ActiveCfg = Release|Any CPU
		{716CCD39-5761-4814-87F8-517827C5A342}.Release|Any CPU.Build.0 = Release|Any CPU
	EndGlobalSection
	GlobalSection(SolutionProperties) = preSolution
		HideSolutionNode = FALSE
	EndGlobalSection
	GlobalSection(ExtensibilityGlobals) = postSolution
		SolutionGuid = {828E1820-4552-472B-81BA-F9C9167C244A}
	EndGlobalSection
EndGlobal
